
Microsoft Visual Studio Solution File, Format Version 12.00
# Visual Studio Version 17
VisualStudioVersion = 17.14.36429.23 d17.14
MinimumVisualStudioVersion = 10.0.40219.1
Project("{FAE04EC0-301F-11D3-BF4B-00C04F79EFBC}") = "CatchEleven", "CatchEleven.csproj", "{E6391F86-E882-4CD0-93AD-4A629700CED7}"
EndProject
Global
	GlobalSection(SolutionConfigurationPlatforms) = preSolution
		Debug|Any CPU = Debug|Any CPU
		Release|Any CPU = Release|Any CPU
	EndGlobalSection
	GlobalSection(ProjectConfigurationPlatforms) = postSolution
		{E6391F86-E882-4CD0-93AD-4A629700CED7}.Debug|Any CPU.ActiveCfg = Debug|Any CPU
		{E6391F86-E882-4CD0-93AD-4A629700CED7}.Debug|Any CPU.Build.0 = Debug|Any CPU
		{E6391F86-E882-4CD0-93AD-4A629700CED7}.Release|Any CPU.ActiveCfg = Release|Any CPU
		{E6391F86-E882-4CD0-93AD-4A629700CED7}.Release|Any CPU.Build.0 = Release|Any CPU
	EndGlobalSection
	GlobalSection(SolutionProperties) = preSolution
		HideSolutionNode = FALSE
	EndGlobalSection
	GlobalSection(ExtensibilityGlobals) = postSolution
		SolutionGuid = {77E48E33-A91C-49EF-AC73-D76A1E7597F8}
	EndGlobalSection
EndGlobal
